
Microsoft Visual Studio Solution File, Format Version 12.00
# Visual Studio Version 17
VisualStudioVersion = 17.0.31903.59
MinimumVisualStudioVersion = 10.0.40219.1
Project("{2150E333-8FDC-42A3-9474-1A3956D46DE8}") = "src", "src", "{4C25B81C-9662-452D-8142-CD4D7303C587}"
EndProject
Project("{F2A71F9B-5D33-465A-A702-920D77279786}") = "tictactoe", "src\tictactoe\tictactoe.fsproj", "{1DC390D4-1F05-44F8-8CB0-DC131554EDBB}"
EndProject
Global
	GlobalSection(SolutionConfigurationPlatforms) = preSolution
		Debug|Any CPU = Debug|Any CPU
		Release|Any CPU = Release|Any CPU
	EndGlobalSection
	GlobalSection(SolutionProperties) = preSolution
		HideSolutionNode = FALSE
	EndGlobalSection
	GlobalSection(ProjectConfigurationPlatforms) = postSolution
		{1DC390D4-1F05-44F8-8CB0-DC131554EDBB}.Debug|Any CPU.ActiveCfg = Debug|Any CPU
		{1DC390D4-1F05-44F8-8CB0-DC131554EDBB}.Debug|Any CPU.Build.0 = Debug|Any CPU
		{1DC390D4-1F05-44F8-8CB0-DC131554EDBB}.Release|Any CPU.ActiveCfg = Release|Any CPU
		{1DC390D4-1F05-44F8-8CB0-DC131554EDBB}.Release|Any CPU.Build.0 = Release|Any CPU
	EndGlobalSection
	GlobalSection(NestedProjects) = preSolution
		{1DC390D4-1F05-44F8-8CB0-DC131554EDBB} = {4C25B81C-9662-452D-8142-CD4D7303C587}
	EndGlobalSection
EndGlobal
